
Microsoft Visual Studio Solution File, Format Version 12.00
# Visual Studio 15
Project("{FAE04EC0-301F-11D3-BF4B-00C04F79EFBC}") = "MovieApp", "MovieApp\MovieApp.csproj", "{B7B5A34B-D189-4794-A610-B23837E450D9}"
EndProject
Project("{FAE04EC0-301F-11D3-BF4B-00C04F79EFBC}") = "MovieApp.Infrastructure", "MovieApp.Infrastructure\MovieApp.Infrastructure.csproj", "{46B1BC13-88DF-4E2F-95C5-74A2E712AB86}"
EndProject
Global
	GlobalSection(SolutionConfigurationPlatforms) = preSolution
		Debug|Any CPU = Debug|Any CPU
		Release|Any CPU = Release|Any CPU
	EndGlobalSection
	GlobalSection(ProjectConfigurationPlatforms) = postSolution
		{B7B5A34B-D189-4794-A610-B23837E450D9}.Debug|Any CPU.ActiveCfg = Debug|Any CPU
		{B7B5A34B-D189-4794-A610-B23837E450D9}.Debug|Any CPU.Build.0 = Debug|Any CPU
		{B7B5A34B-D189-4794-A610-B23837E450D9}.Release|Any CPU.ActiveCfg = Release|Any CPU
		{B7B5A34B-D189-4794-A610-B23837E450D9}.Release|Any CPU.Build.0 = Release|Any CPU
		{46B1BC13-88DF-4E2F-95C5-74A2E712AB86}.Debug|Any CPU.ActiveCfg = Debug|Any CPU
		{46B1BC13-88DF-4E2F-95C5-74A2E712AB86}.Debug|Any CPU.Build.0 = Debug|Any CPU
		{46B1BC13-88DF-4E2F-95C5-74A2E712AB86}.Release|Any CPU.ActiveCfg = Release|Any CPU
		{46B1BC13-88DF-4E2F-95C5-74A2E712AB86}.Release|Any CPU.Build.0 = Release|Any CPU
	EndGlobalSection
EndGlobal
